
Microsoft Visual Studio Solution File, Format Version 12.00
# Visual Studio Version 17
VisualStudioVersion = 17.0.31903.59
MinimumVisualStudioVersion = 10.0.40219.1
Project("{2150E333-8FDC-42A3-9474-1A3956D46DE8}") = "backend", "backend", "{1AE8ACA6-933B-BF2A-3671-3E2EAC007D16}"
EndProject
Project("{2150E333-8FDC-42A3-9474-1A3956D46DE8}") = "src", "src", "{0F9113EE-888A-26D2-68B0-4A7D0A2A8745}"
EndProject
Project("{2150E333-8FDC-42A3-9474-1A3956D46DE8}") = "Core", "Core", "{3CBF8B06-773E-1BEF-11DA-790A12DA9FF0}"
EndProject
Project("{FAE04EC0-301F-11D3-BF4B-00C04F79EFBC}") = "CallCenter.Domain", "backend\src\Core\CallCenter.Domain\CallCenter.Domain.csproj", "{31071C4D-AF82-4934-BB6B-ACBCA46196B0}"
EndProject
Project("{FAE04EC0-301F-11D3-BF4B-00C04F79EFBC}") = "CallCenter.Application", "backend\src\Core\CallCenter.Application\CallCenter.Application.csproj", "{CE90F3AA-F9F3-43A0-B813-332522DFCCB5}"
EndProject
Project("{2150E333-8FDC-42A3-9474-1A3956D46DE8}") = "Infrastructure", "Infrastructure", "{2E00793F-1FC4-E5CF-561B-B85C6FC4F4EC}"
EndProject
Project("{FAE04EC0-301F-11D3-BF4B-00C04F79EFBC}") = "CallCenter.Persistence", "backend\src\Infrastructure\CallCenter.Persistence\CallCenter.Persistence.csproj", "{0D712024-8944-4358-AE08-77A1AD395151}"
EndProject
Project("{FAE04EC0-301F-11D3-BF4B-00C04F79EFBC}") = "CallCenter.Infrastructure", "backend\src\Infrastructure\CallCenter.Infrastructure\CallCenter.Infrastructure.csproj", "{EEC146C6-9873-4881-9FFB-9D06331325A8}"
EndProject
Project("{FAE04EC0-301F-11D3-BF4B-00C04F79EFBC}") = "CallCenter.Crm", "backend\src\Infrastructure\CallCenter.Crm\CallCenter.Crm.csproj", "{B0EFA75C-0D32-4A47-9C8F-D3188832FB34}"
EndProject
Project("{FAE04EC0-301F-11D3-BF4B-00C04F79EFBC}") = "CallCenter.Telephony.FreeSwitch", "backend\src\Infrastructure\CallCenter.Telephony.FreeSwitch\CallCenter.Telephony.FreeSwitch.csproj", "{49C110D1-5BD7-4B0E-B33B-761BCA47F960}"
EndProject
Project("{2150E333-8FDC-42A3-9474-1A3956D46DE8}") = "Presentation", "Presentation", "{F49DD48A-A2FB-3BB9-6676-9116EE68F451}"
EndProject
Project("{FAE04EC0-301F-11D3-BF4B-00C04F79EFBC}") = "CallCenter.WebApi", "backend\src\Presentation\CallCenter.WebApi\CallCenter.WebApi.csproj", "{B3E5A2C2-1600-4787-833D-7987737E4D9E}"
EndProject
Project("{FAE04EC0-301F-11D3-BF4B-00C04F79EFBC}") = "CallCenter.WorkerService", "backend\src\Presentation\CallCenter.WorkerService\CallCenter.WorkerService.csproj", "{0EB8FAF8-F9A7-465F-B349-47C01E166179}"
EndProject
Global
	GlobalSection(SolutionConfigurationPlatforms) = preSolution
		Debug|Any CPU = Debug|Any CPU
		Debug|x64 = Debug|x64
		Debug|x86 = Debug|x86
		Release|Any CPU = Release|Any CPU
		Release|x64 = Release|x64
		Release|x86 = Release|x86
	EndGlobalSection
	GlobalSection(ProjectConfigurationPlatforms) = postSolution
		{31071C4D-AF82-4934-BB6B-ACBCA46196B0}.Debug|Any CPU.ActiveCfg = Debug|Any CPU
		{31071C4D-AF82-4934-BB6B-ACBCA46196B0}.Debug|Any CPU.Build.0 = Debug|Any CPU
		{31071C4D-AF82-4934-BB6B-ACBCA46196B0}.Debug|x64.ActiveCfg = Debug|Any CPU
		{31071C4D-AF82-4934-BB6B-ACBCA46196B0}.Debug|x64.Build.0 = Debug|Any CPU
		{31071C4D-AF82-4934-BB6B-ACBCA46196B0}.Debug|x86.ActiveCfg = Debug|Any CPU
		{31071C4D-AF82-4934-BB6B-ACBCA46196B0}.Debug|x86.Build.0 = Debug|Any CPU
		{31071C4D-AF82-4934-BB6B-ACBCA46196B0}.Release|Any CPU.ActiveCfg = Release|Any CPU
		{31071C4D-AF82-4934-BB6B-ACBCA46196B0}.Release|Any CPU.Build.0 = Release|Any CPU
		{31071C4D-AF82-4934-BB6B-ACBCA46196B0}.Release|x64.ActiveCfg = Release|Any CPU
		{31071C4D-AF82-4934-BB6B-ACBCA46196B0}.Release|x64.Build.0 = Release|Any CPU
		{31071C4D-AF82-4934-BB6B-ACBCA46196B0}.Release|x86.ActiveCfg = Release|Any CPU
		{31071C4D-AF82-4934-BB6B-ACBCA46196B0}.Release|x86.Build.0 = Release|Any CPU
		{CE90F3AA-F9F3-43A0-B813-332522DFCCB5}.Debug|Any CPU.ActiveCfg = Debug|Any CPU
		{CE90F3AA-F9F3-43A0-B813-332522DFCCB5}.Debug|Any CPU.Build.0 = Debug|Any CPU
		{CE90F3AA-F9F3-43A0-B813-332522DFCCB5}.Debug|x64.ActiveCfg = Debug|Any CPU
		{CE90F3AA-F9F3-43A0-B813-332522DFCCB5}.Debug|x64.Build.0 = Debug|Any CPU
		{CE90F3AA-F9F3-43A0-B813-332522DFCCB5}.Debug|x86.ActiveCfg = Debug|Any CPU
		{CE90F3AA-F9F3-43A0-B813-332522DFCCB5}.Debug|x86.Build.0 = Debug|Any CPU
		{CE90F3AA-F9F3-43A0-B813-332522DFCCB5}.Release|Any CPU.ActiveCfg = Release|Any CPU
		{CE90F3AA-F9F3-43A0-B813-332522DFCCB5}.Release|Any CPU.Build.0 = Release|Any CPU
		{CE90F3AA-F9F3-43A0-B813-332522DFCCB5}.Release|x64.ActiveCfg = Release|Any CPU
		{CE90F3AA-F9F3-43A0-B813-332522DFCCB5}.Release|x64.Build.0 = Release|Any CPU
		{CE90F3AA-F9F3-43A0-B813-332522DFCCB5}.Release|x86.ActiveCfg = Release|Any CPU
		{CE90F3AA-F9F3-43A0-B813-332522DFCCB5}.Release|x86.Build.0 = Release|Any CPU
		{0D712024-8944-4358-AE08-77A1AD395151}.Debug|Any CPU.ActiveCfg = Debug|Any CPU
		{0D712024-8944-4358-AE08-77A1AD395151}.Debug|Any CPU.Build.0 = Debug|Any CPU
		{0D712024-8944-4358-AE08-77A1AD395151}.Debug|x64.ActiveCfg = Debug|Any CPU
		{0D712024-8944-4358-AE08-77A1AD395151}.Debug|x64.Build.0 = Debug|Any CPU
		{0D712024-8944-4358-AE08-77A1AD395151}.Debug|x86.ActiveCfg = Debug|Any CPU
		{0D712024-8944-4358-AE08-77A1AD395151}.Debug|x86.Build.0 = Debug|Any CPU
		{0D712024-8944-4358-AE08-77A1AD395151}.Release|Any CPU.ActiveCfg = Release|Any CPU
		{0D712024-8944-4358-AE08-77A1AD395151}.Release|Any CPU.Build.0 = Release|Any CPU
		{0D712024-8944-4358-AE08-77A1AD395151}.Release|x64.ActiveCfg = Release|Any CPU
		{0D712024-8944-4358-AE08-77A1AD395151}.Release|x64.Build.0 = Release|Any CPU
		{0D712024-8944-4358-AE08-77A1AD395151}.Release|x86.ActiveCfg = Release|Any CPU
		{0D712024-8944-4358-AE08-77A1AD395151}.Release|x86.Build.0 = Release|Any CPU
		{EEC146C6-9873-4881-9FFB-9D06331325A8}.Debug|Any CPU.ActiveCfg = Debug|Any CPU
		{EEC146C6-9873-4881-9FFB-9D06331325A8}.Debug|Any CPU.Build.0 = Debug|Any CPU
		{EEC146C6-9873-4881-9FFB-9D06331325A8}.Debug|x64.ActiveCfg = Debug|Any CPU
		{EEC146C6-9873-4881-9FFB-9D06331325A8}.Debug|x64.Build.0 = Debug|Any CPU
		{EEC146C6-9873-4881-9FFB-9D06331325A8}.Debug|x86.ActiveCfg = Debug|Any CPU
		{EEC146C6-9873-4881-9FFB-9D06331325A8}.Debug|x86.Build.0 = Debug|Any CPU
		{EEC146C6-9873-4881-9FFB-9D06331325A8}.Release|Any CPU.ActiveCfg = Release|Any CPU
		{EEC146C6-9873-4881-9FFB-9D06331325A8}.Release|Any CPU.Build.0 = Release|Any CPU
		{EEC146C6-9873-4881-9FFB-9D06331325A8}.Release|x64.ActiveCfg = Release|Any CPU
		{EEC146C6-9873-4881-9FFB-9D06331325A8}.Release|x64.Build.0 = Release|Any CPU
		{EEC146C6-9873-4881-9FFB-9D06331325A8}.Release|x86.ActiveCfg = Release|Any CPU
		{EEC146C6-9873-4881-9FFB-9D06331325A8}.Release|x86.Build.0 = Release|Any CPU
		{B0EFA75C-0D32-4A47-9C8F-D3188832FB34}.Debug|Any CPU.ActiveCfg = Debug|Any CPU
		{B0EFA75C-0D32-4A47-9C8F-D3188832FB34}.Debug|Any CPU.Build.0 = Debug|Any CPU
		{B0EFA75C-0D32-4A47-9C8F-D3188832FB34}.Debug|x64.ActiveCfg = Debug|Any CPU
		{B0EFA75C-0D32-4A47-9C8F-D3188832FB34}.Debug|x64.Build.0 = Debug|Any CPU
		{B0EFA75C-0D32-4A47-9C8F-D3188832FB34}.Debug|x86.ActiveCfg = Debug|Any CPU
		{B0EFA75C-0D32-4A47-9C8F-D3188832FB34}.Debug|x86.Build.0 = Debug|Any CPU
		{B0EFA75C-0D32-4A47-9C8F-D3188832FB34}.Release|Any CPU.ActiveCfg = Release|Any CPU
		{B0EFA75C-0D32-4A47-9C8F-D3188832FB34}.Release|Any CPU.Build.0 = Release|Any CPU
		{B0EFA75C-0D32-4A47-9C8F-D3188832FB34}.Release|x64.ActiveCfg = Release|Any CPU
		{B0EFA75C-0D32-4A47-9C8F-D3188832FB34}.Release|x64.Build.0 = Release|Any CPU
		{B0EFA75C-0D32-4A47-9C8F-D3188832FB34}.Release|x86.ActiveCfg = Release|Any CPU
		{B0EFA75C-0D32-4A47-9C8F-D3188832FB34}.Release|x86.Build.0 = Release|Any CPU
		{49C110D1-5BD7-4B0E-B33B-761BCA47F960}.Debug|Any CPU.ActiveCfg = Debug|Any CPU
		{49C110D1-5BD7-4B0E-B33B-761BCA47F960}.Debug|Any CPU.Build.0 = Debug|Any CPU
		{49C110D1-5BD7-4B0E-B33B-761BCA47F960}.Debug|x64.ActiveCfg = Debug|Any CPU
		{49C110D1-5BD7-4B0E-B33B-761BCA47F960}.Debug|x64.Build.0 = Debug|Any CPU
		{49C110D1-5BD7-4B0E-B33B-761BCA47F960}.Debug|x86.ActiveCfg = Debug|Any CPU
		{49C110D1-5BD7-4B0E-B33B-761BCA47F960}.Debug|x86.Build.0 = Debug|Any CPU
		{49C110D1-5BD7-4B0E-B33B-761BCA47F960}.Release|Any CPU.ActiveCfg = Release|Any CPU
		{49C110D1-5BD7-4B0E-B33B-761BCA47F960}.Release|Any CPU.Build.0 = Release|Any CPU
		{49C110D1-5BD7-4B0E-B33B-761BCA47F960}.Release|x64.ActiveCfg = Release|Any CPU
		{49C110D1-5BD7-4B0E-B33B-761BCA47F960}.Release|x64.Build.0 = Release|Any CPU
		{49C110D1-5BD7-4B0E-B33B-761BCA47F960}.Release|x86.ActiveCfg = Release|Any CPU
		{49C110D1-5BD7-4B0E-B33B-761BCA47F960}.Release|x86.Build.0 = Release|Any CPU
		{B3E5A2C2-1600-4787-833D-7987737E4D9E}.Debug|Any CPU.ActiveCfg = Debug|Any CPU
		{B3E5A2C2-1600-4787-833D-7987737E4D9E}.Debug|Any CPU.Build.0 = Debug|Any CPU
		{B3E5A2C2-1600-4787-833D-7987737E4D9E}.Debug|x64.ActiveCfg = Debug|Any CPU
		{B3E5A2C2-1600-4787-833D-7987737E4D9E}.Debug|x64.Build.0 = Debug|Any CPU
		{B3E5A2C2-1600-4787-833D-7987737E4D9E}.Debug|x86.ActiveCfg = Debug|Any CPU
		{B3E5A2C2-1600-4787-833D-7987737E4D9E}.Debug|x86.Build.0 = Debug|Any CPU
		{B3E5A2C2-1600-4787-833D-7987737E4D9E}.Release|Any CPU.ActiveCfg = Release|Any CPU
		{B3E5A2C2-1600-4787-833D-7987737E4D9E}.Release|Any CPU.Build.0 = Release|Any CPU
		{B3E5A2C2-1600-4787-833D-7987737E4D9E}.Release|x64.ActiveCfg = Release|Any CPU
		{B3E5A2C2-1600-4787-833D-7987737E4D9E}.Release|x64.Build.0 = Release|Any CPU
		{B3E5A2C2-1600-4787-833D-7987737E4D9E}.Release|x86.ActiveCfg = Release|Any CPU
		{B3E5A2C2-1600-4787-833D-7987737E4D9E}.Release|x86.Build.0 = Release|Any CPU
		{0EB8FAF8-F9A7-465F-B349-47C01E166179}.Debug|Any CPU.ActiveCfg = Debug|Any CPU
		{0EB8FAF8-F9A7-465F-B349-47C01E166179}.Debug|Any CPU.Build.0 = Debug|Any CPU
		{0EB8FAF8-F9A7-465F-B349-47C01E166179}.Debug|x64.ActiveCfg = Debug|Any CPU
		{0EB8FAF8-F9A7-465F-B349-47C01E166179}.Debug|x64.Build.0 = Debug|Any CPU
		{0EB8FAF8-F9A7-465F-B349-47C01E166179}.Debug|x86.ActiveCfg = Debug|Any CPU
		{0EB8FAF8-F9A7-465F-B349-47C01E166179}.Debug|x86.Build.0 = Debug|Any CPU
		{0EB8FAF8-F9A7-465F-B349-47C01E166179}.Release|Any CPU.ActiveCfg = Release|Any CPU
		{0EB8FAF8-F9A7-465F-B349-47C01E166179}.Release|Any CPU.Build.0 = Release|Any CPU
		{0EB8FAF8-F9A7-465F-B349-47C01E166179}.Release|x64.ActiveCfg = Release|Any CPU
		{0EB8FAF8-F9A7-465F-B349-47C01E166179}.Release|x64.Build.0 = Release|Any CPU
		{0EB8FAF8-F9A7-465F-B349-47C01E166179}.Release|x86.ActiveCfg = Release|Any CPU
		{0EB8FAF8-F9A7-465F-B349-47C01E166179}.Release|x86.Build.0 = Release|Any CPU
	EndGlobalSection
	GlobalSection(SolutionProperties) = preSolution
		HideSolutionNode = FALSE
	EndGlobalSection
	GlobalSection(NestedProjects) = preSolution
		{0F9113EE-888A-26D2-68B0-4A7D0A2A8745} = {1AE8ACA6-933B-BF2A-3671-3E2EAC007D16}
		{3CBF8B06-773E-1BEF-11DA-790A12DA9FF0} = {0F9113EE-888A-26D2-68B0-4A7D0A2A8745}
		{31071C4D-AF82-4934-BB6B-ACBCA46196B0} = {3CBF8B06-773E-1BEF-11DA-790A12DA9FF0}
		{CE90F3AA-F9F3-43A0-B813-332522DFCCB5} = {3CBF8B06-773E-1BEF-11DA-790A12DA9FF0}
		{2E00793F-1FC4-E5CF-561B-B85C6FC4F4EC} = {0F9113EE-888A-26D2-68B0-4A7D0A2A8745}
		{0D712024-8944-4358-AE08-77A1AD395151} = {2E00793F-1FC4-E5CF-561B-B85C6FC4F4EC}
		{EEC146C6-9873-4881-9FFB-9D06331325A8} = {2E00793F-1FC4-E5CF-561B-B85C6FC4F4EC}
		{B0EFA75C-0D32-4A47-9C8F-D3188832FB34} = {2E00793F-1FC4-E5CF-561B-B85C6FC4F4EC}
		{49C110D1-5BD7-4B0E-B33B-761BCA47F960} = {2E00793F-1FC4-E5CF-561B-B85C6FC4F4EC}
		{F49DD48A-A2FB-3BB9-6676-9116EE68F451} = {0F9113EE-888A-26D2-68B0-4A7D0A2A8745}
		{B3E5A2C2-1600-4787-833D-7987737E4D9E} = {F49DD48A-A2FB-3BB9-6676-9116EE68F451}
		{0EB8FAF8-F9A7-465F-B349-47C01E166179} = {F49DD48A-A2FB-3BB9-6676-9116EE68F451}
	EndGlobalSection
EndGlobal
