<Solution>
  <Folder Name="/src/" />
  <Folder Name="/src/Core/">
    <Project Path="src/Core/CallCenter.Application/CallCenter.Application.csproj" />
    <Project Path="src/Core/CallCenter.Domain/CallCenter.Domain.csproj" />
  </Folder>
  <Folder Name="/src/Infrastructure/">
    <Project Path="src/Infrastructure/CallCenter.Crm/CallCenter.Crm.csproj" />
    <Project Path="src/Infrastructure/CallCenter.Infrastructure/CallCenter.Infrastructure.csproj" />
    <Project Path="src/Infrastructure/CallCenter.Persistence/CallCenter.Persistence.csproj" />
    <Project Path="src/Infrastructure/CallCenter.Telephony.FreeSwitch/CallCenter.Telephony.FreeSwitch.csproj" />
  </Folder>
  <Folder Name="/src/Presentation/">
    <Project Path="src/Presentation/CallCenter.WebApi/CallCenter.WebApi.csproj" />
    <Project Path="src/Presentation/CallCenter.WorkerService/CallCenter.WorkerService.csproj" />
  </Folder>
</Solution>
